#MicroXplorer Configuration settings - do not modify
SH.FMC_D7_DA7.0=FMC_D7
SH.FMC_D0_DA0.ConfNb=1
SH.FMC_A8.ConfNb=1
SH.FMC_D24.0=FMC_D24
SH.FMC_A4.ConfNb=1
SH.FMC_A0.ConfNb=1
SH.FMC_D6_DA6.ConfNb=1
PH12.Signal=FMC_D20
SH.FMC_D9_DA9.ConfNb=1
PH12.Locked=true
SH.FMC_A0.0=FMC_A0
PC12.Locked=true
SH.GPXTI9.0=GPIO_EXTI9
PG4.Signal=FMC_A14_BA0
PG8.Signal=FMC_SDCLK
PG4.Locked=true
PG8.Locked=true
RCC.PLLCLKFreq_Value=96000000
PG0.Locked=true
PC12.Signal=GPIO_Output
RCC.PLLQCLKFreq_Value=96000000
PG0.Signal=FMC_A10
PC7.Locked=true
PD8.Locked=true
PI11.Locked=true
PD0.Locked=true
PD4.Locked=true
SH.FMC_SDNWE.ConfNb=1
SH.FMC_D5_DA5.0=FMC_D5
PB13.Signal=SPI2_SCK
PG13.Signal=SPI6_SCK
PinOutPanel.RotationAngle=0
SH.GPXTI13.0=GPIO_EXTI13
SH.FMC_A15_BA1.0=FMC_BA1
SH.FMC_D9_DA9.0=FMC_D9
NVIC.SVCall_IRQn=true\:0\:0\:false\:false\:true\:false\:false
DSIHOST_D0P.Signal=DSIHOST_D0P
SH.FMC_D25.0=FMC_D25
PH5.Signal=FMC_SDNWE
SH.FMC_NBL2.ConfNb=1
DSIHOST_D0P.Locked=true
PF7.Signal=SPI5_SCK
RCC.LCDTFTFreq_Value=48000000
SH.FMC_SDNWE.0=FMC_SDNWE
PH9.Signal=FMC_D17
SH.FMC_D11_DA11.0=FMC_D11
PD4.Signal=USART2_RTS
PB6.Signal=I2C4_SCL
SH.FMC_D10_DA10.ConfNb=1
PC7.Signal=USART6_RX
PH1/OSC_OUT.Signal=GPIO_Output
SH.FMC_D17.ConfNb=1
PD0.Signal=FMC_D2_DA2
RCC.SAI2Freq_Value=96000000
PD8.Signal=FMC_D13_DA13
PE5.Signal=GPIO_Output
PE10.Locked=true
PE1.Signal=FMC_NBL1
PB13.Locked=true
PE14.Locked=true
RCC.PLLSAIRCLKFreq_Value=96000000
ProjectManager.ProjectBuild=false
PG13.Locked=true
NVIC.UsageFault_IRQn=true\:0\:0\:false\:false\:true\:false\:false
PB2.Signal=QUADSPI_CLK
PA8.Locked=true
PA4.Locked=true
PH0/OSC_IN.Locked=true
ProjectManager.FirmwarePackage=STM32Cube FW_F7 V1.16.0
MxDb.Version=DB.5.0.60
PE15.Locked=true
PI7.Locked=true
ProjectManager.BackupPrevious=false
SH.FMC_D26.0=FMC_D26
PE9.Signal=FMC_D6_DA6
DSIHOST_D1N.Signal=DSIHOST_D1N
PI2.Locked=true
SH.FMC_A2.0=FMC_A2
PE9.Locked=true
PI6.Signal=FMC_D28
PI3.Signal=FMC_D27
PH1/OSC_OUT.Locked=true
SH.FMC_D15_DA15.ConfNb=1
PE4.GPIO_Label=MOTOR_RIGHT_DIRECTION
PF10.Locked=true
PF13.Locked=true
PE2.Signal=QUADSPI_BK1_IO2
PA8.Signal=GPIO_Output
PF2.Locked=true
SH.FMC_D1_DA1.0=FMC_D1
PE1.Locked=true
SH.GPXTI11.ConfNb=1
PB6.Locked=true
NVIC.PendSV_IRQn=true\:0\:0\:false\:false\:true\:false\:false
PF3.Signal=FMC_A3
SH.FMC_D25.ConfNb=1
PE10.Signal=FMC_D7_DA7
ProjectManager.HalAssertFull=false
ADC1.SamplingTime-0\#ChannelRegularConversion=ADC_SAMPLETIME_3CYCLES
Mcu.Package=LQFP208
PB9.Signal=I2C1_SDA
PB1.Signal=ADCx_IN9
PA5.Locked=true
SH.GPXTI11.0=GPIO_EXTI11
PD11.Locked=true
SH.COMP_DAC1_group.ConfNb=1
PD12.Signal=GPIO_Output
PA14.Locked=true
SH.FMC_SDNCAS.ConfNb=1
VP_SYS_VS_Systick.Signal=SYS_VS_Systick
PJ4.Signal=GPIO_Output
SH.FMC_A11.ConfNb=1
PJ3.Locked=true
PA10.Signal=USART1_RX
SH.FMC_D27.0=FMC_D27
PH6.Locked=true
RCC.DFSDMFreq_Value=16000000
PF7.Locked=true
SH.ADCx_IN9.0=ADC1_IN9,IN9
SH.FMC_A1.0=FMC_A1
PH9.Locked=true
PH2.Signal=FMC_SDCKE0
SH.FMC_SDCLK.0=FMC_SDCLK
RCC.CECFreq_Value=32786.88524590164
PF14.Signal=FMC_A8
NVIC.BusFault_IRQn=true\:0\:0\:false\:false\:true\:false\:false
SH.ADCx_IN9.ConfNb=1
PI11.Signal=GPXTI11
PJ0.Locked=true
PD5.Locked=true
PD15.Signal=FMC_D1_DA1
SH.FMC_D3_DA3.0=FMC_D3
ProjectManager.CustomerFirmwarePackage=
RCC.PLLSAIQCLKFreq_Value=96000000
SH.FMC_D3_DA3.ConfNb=1
SH.GPXTI10.0=GPIO_EXTI10
Mcu.Pin80=DSIHOST_D1P
Mcu.Pin81=DSIHOST_D1N
SH.FMC_A4.0=FMC_A4
SH.FMC_A7.ConfNb=1
PH15.Signal=FMC_D23
ProjectManager.ProjectFileName=Leka-MCU_Pins-v1.0.0.ioc
SH.FMC_A5.ConfNb=1
SH.FMC_A1.ConfNb=1
PH13.Locked=true
ADC1.Rank-0\#ChannelRegularConversion=1
PH13.Signal=FMC_D21
SH.FMC_D28.0=FMC_D28
Mcu.Pin79=DSIHOST_CKN
PI10.Locked=true
Mcu.PinsNb=132
Mcu.Pin73=PD13
Mcu.Pin74=PD14
Mcu.Pin71=PD11
Mcu.Pin72=PD12
ADC1.IPParameters=Rank-0\#ChannelRegularConversion,master,Channel-0\#ChannelRegularConversion,SamplingTime-0\#ChannelRegularConversion,NbrOfConversionFlag
Mcu.Pin77=DSIHOST_D0N
PG5.Locked=true
PG9.Locked=true
Mcu.Pin78=DSIHOST_CKP
PG5.Signal=FMC_A15_BA1
Mcu.Pin75=PD15
PG9.Signal=GPXTI9
SH.FMC_D10_DA10.0=FMC_D10
Mcu.Pin76=DSIHOST_D0P
PD3.Signal=USART2_CTS
Mcu.Pin70=PD10
PC6.Signal=USART6_TX
PI12.Signal=GPIO_Output
PD1.Signal=FMC_D3_DA3
SH.FMC_D16.0=FMC_D16
Mcu.Pin68=PD8
Mcu.Pin69=PD9
PB14.Locked=true
Mcu.Pin62=PH10
PG14.Locked=true
Mcu.Pin63=PH11
Mcu.Pin60=PH8
Mcu.Pin61=PH9
Mcu.Pin66=PB14
Mcu.Pin67=PB15
Mcu.Pin64=PH12
DSIHOST_CKP.Locked=true
Mcu.Pin65=PB13
PG10.Signal=GPXTI10
PG10.Locked=true
PD10.Signal=FMC_D15_DA15
SH.FMC_A3.0=FMC_A3
SH.GPXTI6.ConfNb=1
PJ3.Signal=GPIO_Output
PA11.Locked=true
PA15.Locked=true
Mcu.Pin59=PH7
SH.FMC_D29.0=FMC_D29
SH.FMC_D31.ConfNb=1
Mcu.Pin57=PJ5
Mcu.Pin58=PH6
Mcu.Pin51=PE10
Mcu.Pin52=PE11
SH.FMC_D15_DA15.0=FMC_D15
Mcu.Pin50=PE9
RCC.PLLDSIVCOFreq_Value=1000000000
Mcu.Pin55=PE14
Mcu.Pin56=PE15
Mcu.Pin53=PE12
Mcu.Pin54=PE13
PC6.Locked=true
PA9.Signal=USART1_TX
PB5.Locked=true
PB9.Locked=true
PI12.Locked=true
PI1.Locked=true
Mcu.Pin48=PE7
Mcu.Pin49=PE8
SH.FMC_D17.0=FMC_D17
Mcu.Pin46=PG0
Mcu.Pin47=PG1
PB14.Signal=GPIO_Analog
PA5.Signal=SPI1_SCK
Mcu.Pin40=PJ4
Mcu.Pin41=PF11
PJ15.Signal=GPIO_Output
Mcu.Pin44=PF14
Mcu.Pin45=PF15
Mcu.Pin42=PF12
PI9.GPIO_Label=FMC_SRAM_D30
Mcu.Pin43=PF13
ProjectManager.LastFirmware=true
Mcu.Pin116=PG13
Mcu.Pin117=PG14
Mcu.Pin118=PG15
Mcu.Pin119=PB3
PI7.Signal=FMC_D29
SH.FMC_A6.0=FMC_A6
PI6.Locked=true
PE14.Signal=FMC_D11_DA11
SH.FMC_D20.ConfNb=1
PE15.Signal=FMC_D12_DA12
Mcu.Pin37=PJ1
Mcu.Pin38=PJ2
Mcu.Pin35=PB2
Mcu.Pin36=PJ0
PE8.Signal=FMC_D5_DA5
RCC.PLLI2SPCLKFreq_Value=96000000
SH.FMC_D14_DA14.ConfNb=1
Mcu.Pin39=PJ3
PI1.Signal=FMC_D25
PI2.Signal=FMC_D26
RCC.RNGFreq_Value=96000000
Mcu.Pin112=PD5
Mcu.Pin30=PA5
Mcu.Pin113=PJ15
Mcu.Pin114=PG9
PF12.Locked=true
PF11.Locked=true
DSIHOST_D1P.Locked=true
Mcu.Pin115=PG10
Mcu.Pin33=PC4
Mcu.Pin34=PB1
Mcu.Pin31=PA6
Mcu.Pin110=PD3
Mcu.Pin32=PA7
Mcu.Pin111=PD4
PA9.Locked=true
NVIC.NonMaskableInt_IRQn=true\:0\:0\:false\:false\:true\:false\:false
PF13.Signal=FMC_A7
Mcu.Pin127=PI4
Mcu.Pin128=PI5
Mcu.Pin129=PI6
PI0.Locked=true
PE7.Locked=true
SH.FMC_SDNCAS.0=FMC_SDNCAS
SH.FMC_NBL2.0=FMC_NBL2
ProjectManager.FreePins=false
SH.FMC_NBL1.ConfNb=1
RCC.PLLI2SQCLKFreq_Value=96000000
PI9.GPIOParameters=GPIO_Label
PJ1.Locked=true
Mcu.Pin26=PH3
SH.FMC_D18.0=FMC_D18
Mcu.Pin27=PH5
Mcu.Pin24=PA2
SH.FMC_D21.ConfNb=1
ProjectManager.UnderRoot=false
Mcu.Pin25=PH2
PE13.Locked=true
Mcu.Pin28=PA3
Mcu.Pin29=PA4
SH.FMC_D7_DA7.ConfNb=1
Mcu.Pin123=PB8
PJ15.Locked=true
Mcu.Pin124=PB9
PA4.Signal=COMP_DAC1_group
Mcu.Pin125=PE0
Mcu.Pin126=PE1
Mcu.Pin22=PA0/WKUP
PB5.Signal=GPXTI5
Mcu.Pin23=PA1
Mcu.Pin120=PB5
Mcu.Pin20=PH0/OSC_IN
Mcu.Pin121=PB6
ADC1.master=1
PA3.Locked=true
Mcu.Pin21=PH1/OSC_OUT
Mcu.Pin122=PB7
PD10.Locked=true
PA10.Locked=true
NVIC.ForceEnableDMAVector=true
PD11.Signal=QUADSPI_BK1_IO0
NVIC.MemoryManagement_IRQn=true\:0\:0\:false\:false\:true\:false\:false
SH.FMC_A10.ConfNb=1
PE5.GPIO_Label=MOTOR_RIGHT_ENABLE
ProjectManager.CompilerOptimize=6
SH.FMC_A5.0=FMC_A5
PD15.Locked=true
PA11.Signal=UART4_RX
SH.FMC_SDNRAS.ConfNb=1
ProjectManager.HeapSize=0x200
Mcu.Pin15=PF6
NVIC.HardFault_IRQn=true\:0\:0\:false\:false\:true\:false\:false
PH5.Locked=true
Mcu.Pin16=PF7
Mcu.Pin13=PF4
PF8.Locked=true
Mcu.Pin14=PF5
PH6.Signal=GPIO_Output
Mcu.Pin19=PF10
SH.GPXTI15.ConfNb=1
ProjectManager.ComputerToolchain=false
Mcu.Pin17=PF8
PF9.Signal=SPI5_MOSI
Mcu.Pin18=PF9
NVIC.PriorityGroup=NVIC_PRIORITYGROUP_4
Mcu.Pin11=PI13
Mcu.Pin12=PF3
Mcu.Pin10=PI12
Mcu.Pin109=PD1
SH.GPXTI10.ConfNb=1
PE2.Locked=true
PE3.Signal=GPIO_Output
PF3.Locked=true
Mcu.Pin105=PA15
Mcu.Pin106=PC10
Mcu.Pin107=PC12
PF4.Signal=FMC_A4
Mcu.Pin108=PD0
SH.FMC_D26.ConfNb=1
SH.FMC_NBL3.0=FMC_NBL3
SH.FMC_D12_DA12.ConfNb=1
RCC.SDMMC2Freq_Value=16000000
PD1.Locked=true
SH.FMC_D19.0=FMC_D19
Mcu.Pin101=PI1
Mcu.Pin102=PI2
Mcu.Pin103=PI3
PG15.Locked=true
Mcu.Pin104=PA14
Mcu.Pin100=PI0
Mcu.Family=STM32F7
ProjectManager.MainLocation=Src
SH.FMC_A6.ConfNb=1
SH.FMC_A8.0=FMC_A8
RCC.SAI1Freq_Value=96000000
SH.FMC_A2.ConfNb=1
PG6.Signal=GPXTI6
PH14.Locked=true
ProjectManager.KeepUserCode=true
Mcu.UserName=STM32F769BITx
PH14.Signal=FMC_D22
PH10.Signal=FMC_D18
SH.FMC_D14_DA14.0=FMC_D14
PC10.Locked=true
PG6.Locked=true
PC10.Signal=QUADSPI_BK1_IO1
SH.FMC_NBL0.0=FMC_NBL0
PI13.Locked=true
ProjectManager.functionlistsort=1-SystemClock_Config-RCC-false-HAL-false,0-MX_CORTEX_M7_Init-CORTEX_M7-false-HAL-true
SH.FMC_D6_DA6.0=FMC_D6
PH10.Locked=true
PA0/WKUP.Signal=SYS_WKUP1
PC9.Locked=true
RCC.PLLI2SRCLKFreq_Value=96000000
SH.FMC_A14_BA0.0=FMC_BA0
SH.FMC_A11.0=FMC_A11
PB15.Signal=SPI2_MOSI
PG15.Signal=FMC_SDNCAS
PE5.GPIOParameters=GPIO_Label
ProjectManager.StackSize=0x400
PD13.Signal=QUADSPI_BK1_IO3
Mcu.IP4=RCC
Mcu.IP5=SYS
PD13.Locked=true
Mcu.IP2=DAC
Mcu.IP3=NVIC
Mcu.IP0=ADC1
SH.FMC_A7.0=FMC_A7
PA12.Locked=true
Mcu.IP1=CORTEX_M7
PA12.Signal=UART4_TX
PE4.GPIOParameters=GPIO_Label
PJ2.Signal=DSIHOST_TE
Mcu.UserConstants=
PF9.Locked=true
PH7.Locked=true
PH3.Locked=true
RCC.SDMMCFreq_Value=16000000
PF5.Locked=true
SH.GPXTI13.ConfNb=1
Mcu.ThirdPartyNb=0
Mcu.Pin130=PI7
Mcu.Pin131=VP_SYS_VS_Systick
Mcu.IPNb=6
ProjectManager.PreviousToolchain=
PF1.Locked=true
RCC.SPDIFRXFreq_Value=96000000
PA0/WKUP.Locked=true
SH.FMC_NBL1.0=FMC_NBL1
PF12.Signal=FMC_A6
Mcu.Pin6=PI11
Mcu.Pin7=PF0
Mcu.Pin8=PF1
Mcu.Pin9=PF2
RCC.VCOSAIOutputFreq_Value=192000000
PI13.Signal=GPXTI13
PJ2.Locked=true
SH.FMC_A10.0=FMC_A10
Mcu.Pin0=PE2
Mcu.Pin1=PE3
GPIO.groupedBy=Group By Peripherals
Mcu.Pin2=PE4
Mcu.Pin3=PE5
Mcu.Pin4=PI9
Mcu.Pin5=PI10
ADC1.Channel-0\#ChannelRegularConversion=ADC_CHANNEL_9
RCC.HSE_VALUE=25000000
NVIC.DebugMonitor_IRQn=true\:0\:0\:false\:false\:true\:false\:false
SH.FMC_A14_BA0.ConfNb=1
SH.FMC_D8_DA8.0=FMC_D8
NVIC.SysTick_IRQn=true\:0\:0\:false\:false\:true\:false\:true
SH.FMC_D2_DA2.0=FMC_D2
PE13.Signal=FMC_D10_DA10
PI4.Locked=true
RCC.VCOInputFreq_Value=1000000
PI5.Locked=true
PI5.Signal=FMC_NBL3
PE8.Locked=true
PI0.Signal=FMC_D24
PF11.Signal=FMC_SDNRAS
DSIHOST_D1P.Signal=DSIHOST_D1P
File.Version=6
PE3.GPIOParameters=GPIO_Label
SH.FMC_D5_DA5.ConfNb=1
PE3.Locked=true
SH.FMC_D2_DA2.ConfNb=1
PB7.Signal=I2C4_SDA
PB8.Locked=true
SH.FMC_SDNRAS.0=FMC_SDNRAS
PE4.Signal=GPIO_Output
SH.FMC_D27.ConfNb=1
ProjectManager.ProjectName=Leka-MCU_Pins-v1.0.0
SH.FMC_D16.ConfNb=1
PA6.Signal=SPI1_MISO
PA7.Locked=true
SH.FMC_D0_DA0.0=FMC_D0
SH.FMC_D4_DA4.ConfNb=1
ProjectManager.ToolChainLocation=
PD14.Locked=true
RCC.LSI_VALUE=32000
SH.GPXTI5.ConfNb=1
RCC.DSIFreq_Value=62500000
SH.FMC_A9.0=FMC_A9
PA15.Signal=GPXTI15
PF8.Signal=SPI5_MISO
SH.FMC_D4_DA4.0=FMC_D4
PJ1.Signal=GPIO_Input
SH.FMC_D30.ConfNb=1
DSIHOST_D0N.Locked=true
PF5.Signal=FMC_A5
Mcu.Pin95=PA12
Mcu.Pin96=PA13
PF4.Locked=true
Mcu.Pin93=PA10
PH7.Signal=I2C3_SCL
Mcu.Pin94=PA11
Mcu.Pin99=PH15
Mcu.Pin97=PH13
Mcu.Pin98=PH14
DSIHOST_CKN.Signal=DSIHOST_CKN
PC4.Locked=true
SH.FMC_D19.ConfNb=1
Mcu.Pin91=PA8
SH.FMC_D30.0=FMC_D30
Mcu.Pin92=PA9
PF0.Signal=FMC_A0
Mcu.Pin90=PC9
PE7.Signal=FMC_D4_DA4
SH.FMC_NBL0.ConfNb=1
SH.FMC_D22.ConfNb=1
PE2.GPIO_Label=QSPI_FLASH_IO2
PE12.Locked=true
Mcu.Pin84=PG6
Mcu.Pin85=PG7
PB15.Locked=true
Mcu.Pin82=PG4
PB3.Locked=true
Mcu.Pin83=PG5
PA3.Signal=USART2_RX
Mcu.Pin88=PC7
Mcu.Pin89=PC8
Mcu.Pin86=PG8
PA2.Locked=true
Mcu.Pin87=PC6
SH.FMC_A3.ConfNb=1
SH.COMP_DAC1_group.0=DAC_OUT1,DAC_OUT1
RCC.I2SFreq_Value=96000000
SH.GPXTI5.0=GPIO_EXTI5
SH.FMC_D20.0=FMC_D20
PH15.Locked=true
SH.FMC_A9.ConfNb=1
PG7.Locked=true
PG7.Signal=GPIO_Output
PH11.Signal=FMC_D19
ProjectManager.NoMain=false
PG1.Signal=FMC_A11
PG1.Locked=true
SH.FMC_SDCLK.ConfNb=1
PC8.Signal=GPIO_Output
PC4.Signal=GPIO_Output
SH.FMC_D31.0=FMC_D31
ProjectManager.DefaultFWLocation=true
PI10.Signal=FMC_D31
PD9.Signal=FMC_D14_DA14
PD5.Signal=USART2_TX
ProjectManager.DeletePrevious=true
RCC.FamilyName=M
DSIHOST_CKN.Locked=true
PD12.Locked=true
RCC.DSITXEscFreq_Value=15625000
SH.GPXTI6.0=GPIO_EXTI6
PA13.Signal=SYS_JTMS-SWDIO
SH.FMC_D21.0=FMC_D21
PJ5.Locked=true
SH.FMC_A15_BA1.ConfNb=1
SH.FMC_NBL3.ConfNb=1
PF6.Signal=SPI5_NSS
ProjectManager.TargetToolchain=Makefile
PH8.Locked=true
PF6.Locked=true
SH.FMC_D13_DA13.0=FMC_D13
PH8.Signal=FMC_D16
SH.FMC_D1_DA1.ConfNb=1
PF15.Locked=true
PE4.Locked=true
PF2.Signal=FMC_A2
PE2.GPIOParameters=GPIO_Label
PE0.Locked=true
RCC.USBFreq_Value=96000000
PH11.Locked=true
SH.FMC_D24.ConfNb=1
SH.FMC_D28.ConfNb=1
RCC.PLLSAIoutputFreq_Value=96000000
PE11.Signal=FMC_D8_DA8
RCC.LSE_VALUE=32768
PD3.Locked=true
PA1.Signal=GPIO_Analog
PB1.Locked=true
RCC.VCOI2SOutputFreq_Value=192000000
DSIHOST_CKP.Signal=DSIHOST_CKP
PG14.Signal=SPI6_MOSI
RCC.PLLSAIPCLKFreq_Value=96000000
board=custom
RCC.VCOOutputFreq_Value=192000000
PI9.Signal=FMC_D30
PH0/OSC_IN.Signal=GPIO_Output
PI9.Locked=true
SH.FMC_D22.0=FMC_D22
MxCube.Version=5.6.1
SH.FMC_D13_DA13.ConfNb=1
DSIHOST_D1N.Locked=true
PI3.Locked=true
PF10.Signal=GPIO_Input
PI4.Signal=FMC_NBL2
VP_SYS_VS_Systick.Mode=SysTick
SH.FMC_D12_DA12.0=FMC_D12
PF15.Signal=FMC_A9
SH.FMC_D29.ConfNb=1
PF14.Locked=true
PF0.Locked=true
PE5.Locked=true
SH.FMC_D18.ConfNb=1
PF1.Signal=FMC_A1
SH.FMC_D11_DA11.ConfNb=1
RCC.IPParameters=CECFreq_Value,DFSDMFreq_Value,DSIFreq_Value,DSITXEscFreq_Value,FamilyName,HSE_VALUE,HSI_VALUE,I2SFreq_Value,LCDTFTFreq_Value,LSE_VALUE,LSI_VALUE,PLLCLKFreq_Value,PLLDSIVCOFreq_Value,PLLI2SPCLKFreq_Value,PLLI2SQCLKFreq_Value,PLLI2SRCLKFreq_Value,PLLQCLKFreq_Value,PLLSAIPCLKFreq_Value,PLLSAIQCLKFreq_Value,PLLSAIRCLKFreq_Value,PLLSAIoutputFreq_Value,RNGFreq_Value,SAI1Freq_Value,SAI2Freq_Value,SDMMC2Freq_Value,SDMMCFreq_Value,SPDIFRXFreq_Value,USBFreq_Value,VCOI2SOutputFreq_Value,VCOInputFreq_Value,VCOOutputFreq_Value,VCOSAIOutputFreq_Value
PJ0.Signal=GPIO_Input
PE11.Locked=true
ProjectManager.AskForMigrate=true
Mcu.Name=STM32F769B(G-I)Tx
PE0.Signal=FMC_NBL0
PE12.Signal=FMC_D9_DA9
PA2.Signal=GPIO_Analog
SH.FMC_D23.ConfNb=1
PB2.Locked=true
PD14.Signal=FMC_D0_DA0
ProjectManager.CoupleFile=false
PB3.Signal=SYS_JTDO-SWO
PA1.Locked=true
KeepUserPlacement=false
PJ5.Signal=GPIO_Analog
PA13.Locked=true
SH.FMC_D23.0=FMC_D23
PJ4.Locked=true
SH.GPXTI9.ConfNb=1
PA14.Signal=SYS_JTCK-SWCLK
DSIHOST_D0N.Signal=DSIHOST_D0N
RCC.HSI_VALUE=16000000
PH2.Locked=true
ADC1.NbrOfConversionFlag=1
PH3.Signal=FMC_SDNE0
SH.GPXTI15.0=GPIO_EXTI15
PB7.Locked=true
PB8.Signal=I2C1_SCL
PE3.GPIO_Label=BLE_RESET
PC8.Locked=true
PC9.Signal=I2C3_SDA
SH.FMC_D8_DA8.ConfNb=1
PD9.Locked=true
ProjectManager.DeviceId=STM32F769BITx
ProjectManager.LibraryCopy=0
PA7.Signal=SPI1_MOSI
PA6.Locked=true
